// !$*UTF8*$!
{
	archiveVersion = 1;
	classes = {
	};
	objectVersion = 56;
	objects = {

/* Begin PBXBuildFile section */
		A7362B2C2A2919ED001C5587 /* ColorWizApp.swift in Sources */ = {isa = PBXBuildFile; fileRef = A7362B2B2A2919ED001C5587 /* ColorWizApp.swift */; };
		A7362B302A2919F6001C5587 /* Assets.xcassets in Resources */ = {isa = PBXBuildFile; fileRef = A7362B2F2A2919F6001C5587 /* Assets.xcassets */; };
		A7362B332A2919F6001C5587 /* Preview Assets.xcassets in Resources */ = {isa = PBXBuildFile; fileRef = A7362B322A2919F6001C5587 /* Preview Assets.xcassets */; };
		A7362B3E2A291AC1001C5587 /* ColorSchemeView.swift in Sources */ = {isa = PBXBuildFile; fileRef = A7362B3D2A291AC1001C5587 /* ColorSchemeView.swift */; };
		A7CA6B422A2926D9000B5DCC /* HueSliderView.swift in Sources */ = {isa = PBXBuildFile; fileRef = A7CA6B412A2926D9000B5DCC /* HueSliderView.swift */; };
		A7CA6B482A2E182C000B5DCC /* Result.swift in Sources */ = {isa = PBXBuildFile; fileRef = A7CA6B472A2E182C000B5DCC /* Result.swift */; };
/* End PBXBuildFile section */

/* Begin PBXFileReference section */
		A7362B282A2919ED001C5587 /* ColorWiz.app */ = {isa = PBXFileReference; explicitFileType = wrapper.application; includeInIndex = 0; path = ColorWiz.app; sourceTree = BUILT_PRODUCTS_DIR; };
		A7362B2B2A2919ED001C5587 /* ColorWizApp.swift */ = {isa = PBXFileReference; lastKnownFileType = sourcecode.swift; path = ColorWizApp.swift; sourceTree = "<group>"; };
		A7362B2F2A2919F6001C5587 /* Assets.xcassets */ = {isa = PBXFileReference; lastKnownFileType = folder.assetcatalog; path = Assets.xcassets; sourceTree = "<group>"; };
		A7362B322A2919F6001C5587 /* Preview Assets.xcassets */ = {isa = PBXFileReference; lastKnownFileType = folder.assetcatalog; path = "Preview Assets.xcassets"; sourceTree = "<group>"; };
		A7362B3D2A291AC1001C5587 /* ColorSchemeView.swift */ = {isa = PBXFileReference; lastKnownFileType = sourcecode.swift; path = ColorSchemeView.swift; sourceTree = "<group>"; };
		A7CA6B412A2926D9000B5DCC /* HueSliderView.swift */ = {isa = PBXFileReference; lastKnownFileType = sourcecode.swift; path = HueSliderView.swift; sourceTree = "<group>"; };
		A7CA6B472A2E182C000B5DCC /* Result.swift */ = {isa = PBXFileReference; lastKnownFileType = sourcecode.swift; path = Result.swift; sourceTree = "<group>"; };
/* End PBXFileReference section */

/* Begin PBXFrameworksBuildPhase section */
		A7362B252A2919ED001C5587 /* Frameworks */ = {
			isa = PBXFrameworksBuildPhase;
			buildActionMask = 2147483647;
			files = (
			);
			runOnlyForDeploymentPostprocessing = 0;
		};
/* End PBXFrameworksBuildPhase section */

/* Begin PBXGroup section */
		A7362B1F2A2919ED001C5587 = {
			isa = PBXGroup;
			children = (
				A7362B2A2A2919ED001C5587 /* ColorWiz */,
				A7362B292A2919ED001C5587 /* Products */,
			);
			sourceTree = "<group>";
		};
		A7362B292A2919ED001C5587 /* Products */ = {
			isa = PBXGroup;
			children = (
				A7362B282A2919ED001C5587 /* ColorWiz.app */,
			);
			name = Products;
			sourceTree = "<group>";
		};
		A7362B2A2A2919ED001C5587 /* ColorWiz */ = {
			isa = PBXGroup;
			children = (
				A7362B2B2A2919ED001C5587 /* ColorWizApp.swift */,
				A7CA6B462A2E173B000B5DCC /* Model */,
				A7362B392A291A26001C5587 /* Views */,
				A7362B2F2A2919F6001C5587 /* Assets.xcassets */,
				A7362B312A2919F6001C5587 /* Preview Content */,
			);
			path = ColorWiz;
			sourceTree = "<group>";
		};
		A7362B312A2919F6001C5587 /* Preview Content */ = {
			isa = PBXGroup;
			children = (
				A7362B322A2919F6001C5587 /* Preview Assets.xcassets */,
			);
			path = "Preview Content";
			sourceTree = "<group>";
		};
		A7362B392A291A26001C5587 /* Views */ = {
			isa = PBXGroup;
			children = (
				A7362B3D2A291AC1001C5587 /* ColorSchemeView.swift */,
				A7CA6B432A2926DE000B5DCC /* Helpers */,
			);
			name = Views;
			path = "New Group";
			sourceTree = "<group>";
		};
		A7CA6B432A2926DE000B5DCC /* Helpers */ = {
			isa = PBXGroup;
			children = (
				A7CA6B412A2926D9000B5DCC /* HueSliderView.swift */,
			);
			path = Helpers;
			sourceTree = "<group>";
		};
		A7CA6B462A2E173B000B5DCC /* Model */ = {
			isa = PBXGroup;
			children = (
				A7CA6B472A2E182C000B5DCC /* Result.swift */,
			);
			path = Model;
			sourceTree = "<group>";
		};
/* End PBXGroup section */

/* Begin PBXNativeTarget section */
		A7362B272A2919ED001C5587 /* ColorWiz */ = {
			isa = PBXNativeTarget;
			buildConfigurationList = A7362B362A2919F6001C5587 /* Build configuration list for PBXNativeTarget "ColorWiz" */;
			buildPhases = (
				A7362B242A2919ED001C5587 /* Sources */,
				A7362B252A2919ED001C5587 /* Frameworks */,
				A7362B262A2919ED001C5587 /* Resources */,
			);
			buildRules = (
			);
			dependencies = (
			);
			name = ColorWiz;
			productName = ColorWiz;
			productReference = A7362B282A2919ED001C5587 /* ColorWiz.app */;
			productType = "com.apple.product-type.application";
		};
/* End PBXNativeTarget section */

/* Begin PBXProject section */
		A7362B202A2919ED001C5587 /* Project object */ = {
			isa = PBXProject;
			attributes = {
				BuildIndependentTargetsInParallel = 1;
				LastSwiftUpdateCheck = 1420;
				LastUpgradeCheck = 1420;
				TargetAttributes = {
					A7362B272A2919ED001C5587 = {
						CreatedOnToolsVersion = 14.2;
					};
				};
			};
			buildConfigurationList = A7362B232A2919ED001C5587 /* Build configuration list for PBXProject "ColorWiz" */;
			compatibilityVersion = "Xcode 14.0";
			developmentRegion = en;
			hasScannedForEncodings = 0;
			knownRegions = (
				en,
				Base,
			);
			mainGroup = A7362B1F2A2919ED001C5587;
			productRefGroup = A7362B292A2919ED001C5587 /* Products */;
			projectDirPath = "";
			projectRoot = "";
			targets = (
				A7362B272A2919ED001C5587 /* ColorWiz */,
			);
		};
/* End PBXProject section */

/* Begin PBXResourcesBuildPhase section */
		A7362B262A2919ED001C5587 /* Resources */ = {
			isa = PBXResourcesBuildPhase;
			buildActionMask = 2147483647;
			files = (
				A7362B332A2919F6001C5587 /* Preview Assets.xcassets in Resources */,
				A7362B302A2919F6001C5587 /* Assets.xcassets in Resources */,
			);
			runOnlyForDeploymentPostprocessing = 0;
		};
/* End PBXResourcesBuildPhase section */

/* Begin PBXSourcesBuildPhase section */
		A7362B242A2919ED001C5587 /* Sources */ = {
			isa = PBXSourcesBuildPhase;
			buildActionMask = 2147483647;
			files = (
				A7CA6B482A2E182C000B5DCC /* Result.swift in Sources */,
				A7362B3E2A291AC1001C5587 /* ColorSchemeView.swift in Sources */,
				A7362B2C2A2919ED001C5587 /* ColorWizApp.swift in Sources */,
				A7CA6B422A2926D9000B5DCC /* HueSliderView.swift in Sources */,
			);
			runOnlyForDeploymentPostprocessing = 0;
		};
/* End PBXSourcesBuildPhase section */

/* Begin XCBuildConfiguration section */
		A7362B342A2919F6001C5587 /* Debug */ = {
			isa = XCBuildConfiguration;
			buildSettings = {
				ALWAYS_SEARCH_USER_PATHS = NO;
				CLANG_ANALYZER_NONNULL = YES;
				CLANG_ANALYZER_NUMBER_OBJECT_CONVERSION = YES_AGGRESSIVE;
				CLANG_CXX_LANGUAGE_STANDARD = "gnu++20";
				CLANG_ENABLE_MODULES = YES;
				CLANG_ENABLE_OBJC_ARC = YES;
				CLANG_ENABLE_OBJC_WEAK = YES;
				CLANG_WARN_BLOCK_CAPTURE_AUTORELEASING = YES;
				CLANG_WARN_BOOL_CONVERSION = YES;
				CLANG_WARN_COMMA = YES;
				CLANG_WARN_CONSTANT_CONVERSION = YES;
				CLANG_WARN_DEPRECATED_OBJC_IMPLEMENTATIONS = YES;
				CLANG_WARN_DIRECT_OBJC_ISA_USAGE = YES_ERROR;
				CLANG_WARN_DOCUMENTATION_COMMENTS = YES;
				CLANG_WARN_EMPTY_BODY = YES;
				CLANG_WARN_ENUM_CONVERSION = YES;
				CLANG_WARN_INFINITE_RECURSION = YES;
				CLANG_WARN_INT_CONVERSION = YES;
				CLANG_WARN_NON_LITERAL_NULL_CONVERSION = YES;
				CLANG_WARN_OBJC_IMPLICIT_RETAIN_SELF = YES;
				CLANG_WARN_OBJC_LITERAL_CONVERSION = YES;
				CLANG_WARN_OBJC_ROOT_CLASS = YES_ERROR;
				CLANG_WARN_QUOTED_INCLUDE_IN_FRAMEWORK_HEADER = YES;
				CLANG_WARN_RANGE_LOOP_ANALYSIS = YES;
				CLANG_WARN_STRICT_PROTOTYPES = YES;
				CLANG_WARN_SUSPICIOUS_MOVE = YES;
				CLANG_WARN_UNGUARDED_AVAILABILITY = YES_AGGRESSIVE;
				CLANG_WARN_UNREACHABLE_CODE = YES;
				CLANG_WARN__DUPLICATE_METHOD_MATCH = YES;
				COPY_PHASE_STRIP = NO;
				DEBUG_INFORMATION_FORMAT = dwarf;
				ENABLE_STRICT_OBJC_MSGSEND = YES;
				ENABLE_TESTABILITY = YES;
				GCC_C_LANGUAGE_STANDARD = gnu11;
				GCC_DYNAMIC_NO_PIC = NO;
				GCC_NO_COMMON_BLOCKS = YES;
				GCC_OPTIMIZATION_LEVEL = 0;
				GCC_PREPROCESSOR_DEFINITIONS = (
					"DEBUG=1",
					"$(inherited)",
				);
				GCC_WARN_64_TO_32_BIT_CONVERSION = YES;
				GCC_WARN_ABOUT_RETURN_TYPE = YES_ERROR;
				GCC_WARN_UNDECLARED_SELECTOR = YES;
				GCC_WARN_UNINITIALIZED_AUTOS = YES_AGGRESSIVE;
				GCC_WARN_UNUSED_FUNCTION = YES;
				GCC_WARN_UNUSED_VARIABLE = YES;
				IPHONEOS_DEPLOYMENT_TARGET = 16.2;
				MTL_ENABLE_DEBUG_INFO = INCLUDE_SOURCE;
				MTL_FAST_MATH = YES;
				ONLY_ACTIVE_ARCH = YES;
				SDKROOT = iphoneos;
				SWIFT_ACTIVE_COMPILATION_CONDITIONS = DEBUG;
				SWIFT_OPTIMIZATION_LEVEL = "-Onone";
			};
			name = Debug;
		};
		A7362B352A2919F6001C5587 /* Release */ = {
			isa = XCBuildConfiguration;
			buildSettings = {
				ALWAYS_SEARCH_USER_PATHS = NO;
				CLANG_ANALYZER_NONNULL = YES;
				CLANG_ANALYZER_NUMBER_OBJECT_CONVERSION = YES_AGGRESSIVE;
				CLANG_CXX_LANGUAGE_STANDARD = "gnu++20";
				CLANG_ENABLE_MODULES = YES;
				CLANG_ENABLE_OBJC_ARC = YES;
				CLANG_ENABLE_OBJC_WEAK = YES;
				CLANG_WARN_BLOCK_CAPTURE_AUTORELEASING = YES;
				CLANG_WARN_BOOL_CONVERSION = YES;
				CLANG_WARN_COMMA = YES;
				CLANG_WARN_CONSTANT_CONVERSION = YES;
				CLANG_WARN_DEPRECATED_OBJC_IMPLEMENTATIONS = YES;
				CLANG_WARN_DIRECT_OBJC_ISA_USAGE = YES_ERROR;
				CLANG_WARN_DOCUMENTATION_COMMENTS = YES;
				CLANG_WARN_EMPTY_BODY = YES;
				CLANG_WARN_ENUM_CONVERSION = YES;
				CLANG_WARN_INFINITE_RECURSION = YES;
				CLANG_WARN_INT_CONVERSION = YES;
				CLANG_WARN_NON_LITERAL_NULL_CONVERSION = YES;
				CLANG_WARN_OBJC_IMPLICIT_RETAIN_SELF = YES;
				CLANG_WARN_OBJC_LITERAL_CONVERSION = YES;
				CLANG_WARN_OBJC_ROOT_CLASS = YES_ERROR;
				CLANG_WARN_QUOTED_INCLUDE_IN_FRAMEWORK_HEADER = YES;
				CLANG_WARN_RANGE_LOOP_ANALYSIS = YES;
				CLANG_WARN_STRICT_PROTOTYPES = YES;
				CLANG_WARN_SUSPICIOUS_MOVE = YES;
				CLANG_WARN_UNGUARDED_AVAILABILITY = YES_AGGRESSIVE;
				CLANG_WARN_UNREACHABLE_CODE = YES;
				CLANG_WARN__DUPLICATE_METHOD_MATCH = YES;
				COPY_PHASE_STRIP = NO;
				DEBUG_INFORMATION_FORMAT = "dwarf-with-dsym";
				ENABLE_NS_ASSERTIONS = NO;
				ENABLE_STRICT_OBJC_MSGSEND = YES;
				GCC_C_LANGUAGE_STANDARD = gnu11;
				GCC_NO_COMMON_BLOCKS = YES;
				GCC_WARN_64_TO_32_BIT_CONVERSION = YES;
				GCC_WARN_ABOUT_RETURN_TYPE = YES_ERROR;
				GCC_WARN_UNDECLARED_SELECTOR = YES;
				GCC_WARN_UNINITIALIZED_AUTOS = YES_AGGRESSIVE;
				GCC_WARN_UNUSED_FUNCTION = YES;
				GCC_WARN_UNUSED_VARIABLE = YES;
				IPHONEOS_DEPLOYMENT_TARGET = 16.2;
				MTL_ENABLE_DEBUG_INFO = NO;
				MTL_FAST_MATH = YES;
				SDKROOT = iphoneos;
				SWIFT_COMPILATION_MODE = wholemodule;
				SWIFT_OPTIMIZATION_LEVEL = "-O";
				VALIDATE_PRODUCT = YES;
			};
			name = Release;
		};
		A7362B372A2919F6001C5587 /* Debug */ = {
			isa = XCBuildConfiguration;
			buildSettings = {
				ASSETCATALOG_COMPILER_APPICON_NAME = AppIcon;
				ASSETCATALOG_COMPILER_GLOBAL_ACCENT_COLOR_NAME = AccentColor;
				CODE_SIGN_STYLE = Automatic;
				CURRENT_PROJECT_VERSION = 1;
				DEVELOPMENT_ASSET_PATHS = "\"ColorWiz/Preview Content\"";
				DEVELOPMENT_TEAM = R49WR3X27B;
				ENABLE_PREVIEWS = YES;
				GENERATE_INFOPLIST_FILE = YES;
				INFOPLIST_KEY_UIApplicationSceneManifest_Generation = YES;
				INFOPLIST_KEY_UIApplicationSupportsIndirectInputEvents = YES;
				INFOPLIST_KEY_UILaunchScreen_Generation = YES;
				INFOPLIST_KEY_UISupportedInterfaceOrientations_iPad = "UIInterfaceOrientationPortrait UIInterfaceOrientationPortraitUpsideDown UIInterfaceOrientationLandscapeLeft UIInterfaceOrientationLandscapeRight";
				INFOPLIST_KEY_UISupportedInterfaceOrientations_iPhone = "UIInterfaceOrientationPortrait UIInterfaceOrientationLandscapeLeft UIInterfaceOrientationLandscapeRight";
				IPHONEOS_DEPLOYMENT_TARGET = 16.0;
				LD_RUNPATH_SEARCH_PATHS = (
					"$(inherited)",
					"@executable_path/Frameworks",
				);
				MARKETING_VERSION = 1.0;
				PRODUCT_BUNDLE_IDENTIFIER = ca.aidankang.ColorWiz;
				PRODUCT_NAME = "$(TARGET_NAME)";
				SWIFT_EMIT_LOC_STRINGS = YES;
				SWIFT_VERSION = 5.0;
				TARGETED_DEVICE_FAMILY = "1,2";
			};
			name = Debug;
		};
		A7362B382A2919F6001C5587 /* Release */ = {
			isa = XCBuildConfiguration;
			buildSettings = {
				ASSETCATALOG_COMPILER_APPICON_NAME = AppIcon;
				ASSETCATALOG_COMPILER_GLOBAL_ACCENT_COLOR_NAME = AccentColor;
				CODE_SIGN_STYLE = Automatic;
				CURRENT_PROJECT_VERSION = 1;
				DEVELOPMENT_ASSET_PATHS = "\"ColorWiz/Preview Content\"";
				DEVELOPMENT_TEAM = R49WR3X27B;
				ENABLE_PREVIEWS = YES;
				GENERATE_INFOPLIST_FILE = YES;
				INFOPLIST_KEY_UIApplicationSceneManifest_Generation = YES;
				INFOPLIST_KEY_UIApplicationSupportsIndirectInputEvents = YES;
				INFOPLIST_KEY_UILaunchScreen_Generation = YES;
				INFOPLIST_KEY_UISupportedInterfaceOrientations_iPad = "UIInterfaceOrientationPortrait UIInterfaceOrientationPortraitUpsideDown UIInterfaceOrientationLandscapeLeft UIInterfaceOrientationLandscapeRight";
				INFOPLIST_KEY_UISupportedInterfaceOrientations_iPhone = "UIInterfaceOrientationPortrait UIInterfaceOrientationLandscapeLeft UIInterfaceOrientationLandscapeRight";
				IPHONEOS_DEPLOYMENT_TARGET = 16.0;
				LD_RUNPATH_SEARCH_PATHS = (
					"$(inherited)",
					"@executable_path/Frameworks",
				);
				MARKETING_VERSION = 1.0;
				PRODUCT_BUNDLE_IDENTIFIER = ca.aidankang.ColorWiz;
				PRODUCT_NAME = "$(TARGET_NAME)";
				SWIFT_EMIT_LOC_STRINGS = YES;
				SWIFT_VERSION = 5.0;
				TARGETED_DEVICE_FAMILY = "1,2";
			};
			name = Release;
		};
/* End XCBuildConfiguration section */

/* Begin XCConfigurationList section */
		A7362B232A2919ED001C5587 /* Build configuration list for PBXProject "ColorWiz" */ = {
			isa = XCConfigurationList;
			buildConfigurations = (
				A7362B342A2919F6001C5587 /* Debug */,
				A7362B352A2919F6001C5587 /* Release */,
			);
			defaultConfigurationIsVisible = 0;
			defaultConfigurationName = Release;
		};
		A7362B362A2919F6001C5587 /* Build configuration list for PBXNativeTarget "ColorWiz" */ = {
			isa = XCConfigurationList;
			buildConfigurations = (
				A7362B372A2919F6001C5587 /* Debug */,
				A7362B382A2919F6001C5587 /* Release */,
			);
			defaultConfigurationIsVisible = 0;
			defaultConfigurationName = Release;
		};
/* End XCConfigurationList section */
	};
	rootObject = A7362B202A2919ED001C5587 /* Project object */;
}
